
Microsoft Visual Studio Solution File, Format Version 12.00
# Visual Studio 15
VisualStudioVersion = 15.0.27703.2018
MinimumVisualStudioVersion = 10.0.40219.1
Project("{FAE04EC0-301F-11D3-BF4B-00C04F79EFBC}") = "Animals2", "Animals2\Animals2.csproj", "{63146848-2AA3-4C79-B537-F473DFF4E5A9}"
EndProject
Global
	GlobalSection(SolutionConfigurationPlatforms) = preSolution
		Debug|Any CPU = Debug|Any CPU
		Release|Any CPU = Release|Any CPU
	EndGlobalSection
	GlobalSection(ProjectConfigurationPlatforms) = postSolution
		{63146848-2AA3-4C79-B537-F473DFF4E5A9}.Debug|Any CPU.ActiveCfg = Debug|Any CPU
		{63146848-2AA3-4C79-B537-F473DFF4E5A9}.Debug|Any CPU.Build.0 = Debug|Any CPU
		{63146848-2AA3-4C79-B537-F473DFF4E5A9}.Release|Any CPU.ActiveCfg = Release|Any CPU
		{63146848-2AA3-4C79-B537-F473DFF4E5A9}.Release|Any CPU.Build.0 = Release|Any CPU
	EndGlobalSection
	GlobalSection(SolutionProperties) = preSolution
		HideSolutionNode = FALSE
	EndGlobalSection
	GlobalSection(ExtensibilityGlobals) = postSolution
		SolutionGuid = {CCF3C919-CF73-43F2-AC43-822EEF768BBC}
	EndGlobalSection
EndGlobal
